
Microsoft Visual Studio Solution File, Format Version 12.00
# Visual Studio Version 17
VisualStudioVersion = 17.6.33815.320
MinimumVisualStudioVersion = 10.0.40219.1
Project("{FAE04EC0-301F-11D3-BF4B-00C04F79EFBC}") = "enumPractice", "enumPractice.csproj", "{0ADE0734-0A6B-4B9D-88F8-D686FC8E76B1}"
EndProject
Global
	GlobalSection(SolutionConfigurationPlatforms) = preSolution
		Debug|Any CPU = Debug|Any CPU
		Release|Any CPU = Release|Any CPU
	EndGlobalSection
	GlobalSection(ProjectConfigurationPlatforms) = postSolution
		{0ADE0734-0A6B-4B9D-88F8-D686FC8E76B1}.Debug|Any CPU.ActiveCfg = Debug|Any CPU
		{0ADE0734-0A6B-4B9D-88F8-D686FC8E76B1}.Debug|Any CPU.Build.0 = Debug|Any CPU
		{0ADE0734-0A6B-4B9D-88F8-D686FC8E76B1}.Release|Any CPU.ActiveCfg = Release|Any CPU
		{0ADE0734-0A6B-4B9D-88F8-D686FC8E76B1}.Release|Any CPU.Build.0 = Release|Any CPU
	EndGlobalSection
	GlobalSection(SolutionProperties) = preSolution
		HideSolutionNode = FALSE
	EndGlobalSection
	GlobalSection(ExtensibilityGlobals) = postSolution
		SolutionGuid = {6FA41B92-8A08-45AE-BF0B-D18FE36B89EA}
	EndGlobalSection
EndGlobal
